
Microsoft Visual Studio Solution File, Format Version 12.00
# Visual Studio Version 16
VisualStudioVersion = 16.0.31624.102
MinimumVisualStudioVersion = 10.0.40219.1
Project("{FAE04EC0-301F-11D3-BF4B-00C04F79EFBC}") = "laba3", "laba3\laba3.csproj", "{6BCD759F-1B52-4C96-8A4A-E31D09723DDD}"
EndProject
Global
	GlobalSection(SolutionConfigurationPlatforms) = preSolution
		Debug|Any CPU = Debug|Any CPU
		Release|Any CPU = Release|Any CPU
	EndGlobalSection
	GlobalSection(ProjectConfigurationPlatforms) = postSolution
		{6BCD759F-1B52-4C96-8A4A-E31D09723DDD}.Debug|Any CPU.ActiveCfg = Debug|Any CPU
		{6BCD759F-1B52-4C96-8A4A-E31D09723DDD}.Debug|Any CPU.Build.0 = Debug|Any CPU
		{6BCD759F-1B52-4C96-8A4A-E31D09723DDD}.Release|Any CPU.ActiveCfg = Release|Any CPU
		{6BCD759F-1B52-4C96-8A4A-E31D09723DDD}.Release|Any CPU.Build.0 = Release|Any CPU
	EndGlobalSection
	GlobalSection(SolutionProperties) = preSolution
		HideSolutionNode = FALSE
	EndGlobalSection
	GlobalSection(ExtensibilityGlobals) = postSolution
		SolutionGuid = {DEE1AFF2-D4C0-42C6-9721-F79C8E0ADCFE}
	EndGlobalSection
EndGlobal
